{
  "requires": true,
  "lockfileVersion": 1,
  "dependencies": {
    "alertifyjs": {
      "version": "1.11.4",
      "resolved": "https://registry.npmjs.org/alertifyjs/-/alertifyjs-1.11.4.tgz",
      "integrity": "sha512-yB+6MxhV1K6o5aOwm/eCd7vZca/T2nU0maANicAR+JthxSFG18jnAEARnfiDQIVJ3gkBhvGTTTiRYmThH8cRrQ=="
    }
  }
}
